
Microsoft Visual Studio Solution File, Format Version 12.00
# Visual Studio Version 17
VisualStudioVersion = 17.0.32014.148
MinimumVisualStudioVersion = 10.0.40219.1
Project("{9A19103F-16F7-4668-BE54-9A1E7A4F7556}") = "Legiscan", "Legiscan\Legiscan.csproj", "{BCCF22C9-7646-4B88-9710-98AD3417330F}"
EndProject
Global
	GlobalSection(SolutionConfigurationPlatforms) = preSolution
		Debug|Any CPU = Debug|Any CPU
		Release|Any CPU = Release|Any CPU
	EndGlobalSection
	GlobalSection(ProjectConfigurationPlatforms) = postSolution
		{BCCF22C9-7646-4B88-9710-98AD3417330F}.Debug|Any CPU.ActiveCfg = Debug|Any CPU
		{BCCF22C9-7646-4B88-9710-98AD3417330F}.Debug|Any CPU.Build.0 = Debug|Any CPU
		{BCCF22C9-7646-4B88-9710-98AD3417330F}.Release|Any CPU.ActiveCfg = Release|Any CPU
		{BCCF22C9-7646-4B88-9710-98AD3417330F}.Release|Any CPU.Build.0 = Release|Any CPU
	EndGlobalSection
	GlobalSection(SolutionProperties) = preSolution
		HideSolutionNode = FALSE
	EndGlobalSection
	GlobalSection(ExtensibilityGlobals) = postSolution
		SolutionGuid = {BFD5A744-1E36-4402-9856-4E1F229484D5}
	EndGlobalSection
EndGlobal
